
Microsoft Visual Studio Solution File, Format Version 12.00
# Visual Studio Version 17
VisualStudioVersion = 17.5.33424.131
MinimumVisualStudioVersion = 10.0.40219.1
Project("{8BC9CEB8-8B4A-11D0-8D11-00A0C91BC942}") = "Homework_4B1G0178", "Homework_4B1G0178\Homework_4B1G0178.vcxproj", "{D8B0CD90-5F92-491B-B5B3-4D6C20759CE3}"
EndProject
Global
	GlobalSection(SolutionConfigurationPlatforms) = preSolution
		Debug|x64 = Debug|x64
		Debug|x86 = Debug|x86
		Release|x64 = Release|x64
		Release|x86 = Release|x86
	EndGlobalSection
	GlobalSection(ProjectConfigurationPlatforms) = postSolution
		{D8B0CD90-5F92-491B-B5B3-4D6C20759CE3}.Debug|x64.ActiveCfg = Debug|x64
		{D8B0CD90-5F92-491B-B5B3-4D6C20759CE3}.Debug|x64.Build.0 = Debug|x64
		{D8B0CD90-5F92-491B-B5B3-4D6C20759CE3}.Debug|x86.ActiveCfg = Debug|Win32
		{D8B0CD90-5F92-491B-B5B3-4D6C20759CE3}.Debug|x86.Build.0 = Debug|Win32
		{D8B0CD90-5F92-491B-B5B3-4D6C20759CE3}.Release|x64.ActiveCfg = Release|x64
		{D8B0CD90-5F92-491B-B5B3-4D6C20759CE3}.Release|x64.Build.0 = Release|x64
		{D8B0CD90-5F92-491B-B5B3-4D6C20759CE3}.Release|x86.ActiveCfg = Release|Win32
		{D8B0CD90-5F92-491B-B5B3-4D6C20759CE3}.Release|x86.Build.0 = Release|Win32
	EndGlobalSection
	GlobalSection(SolutionProperties) = preSolution
		HideSolutionNode = FALSE
	EndGlobalSection
	GlobalSection(ExtensibilityGlobals) = postSolution
		SolutionGuid = {4FDAC19D-1FC3-45B4-958C-B4B48327AB9C}
	EndGlobalSection
EndGlobal
